
Microsoft Visual Studio Solution File, Format Version 12.00
# Visual Studio Version 16
VisualStudioVersion = 16.0.30503.244
MinimumVisualStudioVersion = 10.0.40219.1
Project("{8BC9CEB8-8B4A-11D0-8D11-00A0C91BC942}") = "SemProject", "SemProject\SemProject.vcxproj", "{039E8E53-88FC-40F7-B964-7F7A8C6E5073}"
EndProject
Project("{8BC9CEB8-8B4A-11D0-8D11-00A0C91BC942}") = "SemProjectTests", "SemProjectTests\SemProjectTests.vcxproj", "{22091E61-30A6-4B93-BD61-06721BFD730C}"
EndProject
Global
	GlobalSection(SolutionConfigurationPlatforms) = preSolution
		Debug|x64 = Debug|x64
		Debug|x86 = Debug|x86
		Release|x64 = Release|x64
		Release|x86 = Release|x86
	EndGlobalSection
	GlobalSection(ProjectConfigurationPlatforms) = postSolution
		{039E8E53-88FC-40F7-B964-7F7A8C6E5073}.Debug|x64.ActiveCfg = Debug|x64
		{039E8E53-88FC-40F7-B964-7F7A8C6E5073}.Debug|x64.Build.0 = Debug|x64
		{039E8E53-88FC-40F7-B964-7F7A8C6E5073}.Debug|x86.ActiveCfg = Debug|Win32
		{039E8E53-88FC-40F7-B964-7F7A8C6E5073}.Debug|x86.Build.0 = Debug|Win32
		{039E8E53-88FC-40F7-B964-7F7A8C6E5073}.Release|x64.ActiveCfg = Release|x64
		{039E8E53-88FC-40F7-B964-7F7A8C6E5073}.Release|x64.Build.0 = Release|x64
		{039E8E53-88FC-40F7-B964-7F7A8C6E5073}.Release|x86.ActiveCfg = Release|Win32
		{039E8E53-88FC-40F7-B964-7F7A8C6E5073}.Release|x86.Build.0 = Release|Win32
		{22091E61-30A6-4B93-BD61-06721BFD730C}.Debug|x64.ActiveCfg = Debug|x64
		{22091E61-30A6-4B93-BD61-06721BFD730C}.Debug|x64.Build.0 = Debug|x64
		{22091E61-30A6-4B93-BD61-06721BFD730C}.Debug|x86.ActiveCfg = Debug|Win32
		{22091E61-30A6-4B93-BD61-06721BFD730C}.Debug|x86.Build.0 = Debug|Win32
		{22091E61-30A6-4B93-BD61-06721BFD730C}.Release|x64.ActiveCfg = Release|x64
		{22091E61-30A6-4B93-BD61-06721BFD730C}.Release|x64.Build.0 = Release|x64
		{22091E61-30A6-4B93-BD61-06721BFD730C}.Release|x86.ActiveCfg = Release|Win32
		{22091E61-30A6-4B93-BD61-06721BFD730C}.Release|x86.Build.0 = Release|Win32
	EndGlobalSection
	GlobalSection(SolutionProperties) = preSolution
		HideSolutionNode = FALSE
	EndGlobalSection
	GlobalSection(ExtensibilityGlobals) = postSolution
		SolutionGuid = {32919A33-9DCA-4B39-98A5-F003319A370F}
	EndGlobalSection
EndGlobal
