<?xml version="1.0" encoding="utf-8"?>
<Project ToolsVersion="4.0" xmlns="http://schemas.microsoft.com/developer/msbuild/2003">
  <ItemGroup>
    <Filter Include="Исходные файлы">
      <UniqueIdentifier>{4FC737F1-C7A5-4376-A066-2A32D752A2FF}</UniqueIdentifier>
      <Extensions>cpp;c;cc;cxx;c++;cppm;ixx;def;odl;idl;hpj;bat;asm;asmx</Extensions>
    </Filter>
    <Filter Include="Файлы заголовков">
      <UniqueIdentifier>{93995380-89BD-4b04-88EB-625FBE52EBFB}</UniqueIdentifier>
      <Extensions>h;hh;hpp;hxx;h++;hm;inl;inc;ipp;xsd</Extensions>
    </Filter>
    <Filter Include="Файлы ресурсов">
      <UniqueIdentifier>{67DA6AB6-F800-4c08-8B7A-83BB121AAD01}</UniqueIdentifier>
      <Extensions>rc;ico;cur;bmp;dlg;rc2;rct;bin;rgs;gif;jpg;jpeg;jpe;resx;tiff;tif;png;wav;mfcribbon-ms</Extensions>
    </Filter>
    <Filter Include="Исходные файлы\Objects">
      <UniqueIdentifier>{c6609f30-1d35-43a4-aa33-8f6496a70451}</UniqueIdentifier>
    </Filter>
    <Filter Include="Файлы заголовков\Objects">
      <UniqueIdentifier>{586f1ee2-70d8-4282-a1a4-95f5ff8724ec}</UniqueIdentifier>
    </Filter>
    <Filter Include="Исходные файлы\Objects\Circle">
      <UniqueIdentifier>{0144335b-e29b-45b5-8704-2e3d8aad79e5}</UniqueIdentifier>
    </Filter>
    <Filter Include="Файлы заголовков\Objects\Circle">
      <UniqueIdentifier>{894e0948-611f-4b82-a915-1bf631bb14c0}</UniqueIdentifier>
    </Filter>
    <Filter Include="Файлы заголовков\Objects\Point">
      <UniqueIdentifier>{d2b9f9a3-fe44-42c0-b60d-adce76f51ce5}</UniqueIdentifier>
    </Filter>
    <Filter Include="Исходные файлы\Objects\Segment">
      <UniqueIdentifier>{09130bfd-197d-4e59-b37f-48b116213484}</UniqueIdentifier>
    </Filter>
    <Filter Include="Файлы заголовков\Objects\Segment">
      <UniqueIdentifier>{2b5e0b29-6c20-4eda-9dbd-72b06008c8e4}</UniqueIdentifier>
    </Filter>
    <Filter Include="Исходные файлы\Objects\Point">
      <UniqueIdentifier>{6f8b335a-ee31-4ea0-96c1-944ba6d40701}</UniqueIdentifier>
    </Filter>
  </ItemGroup>
  <ItemGroup>
    <ClCompile Include="SemProject.cpp">
      <Filter>Исходные файлы</Filter>
    </ClCompile>
    <ClCompile Include="Tests.cpp">
      <Filter>Исходные файлы</Filter>
    </ClCompile>
    <ClCompile Include="circle_list.cpp">
      <Filter>Исходные файлы\Objects\Circle</Filter>
    </ClCompile>
    <ClCompile Include="point_list.cpp">
      <Filter>Исходные файлы\Objects\Point</Filter>
    </ClCompile>
    <ClCompile Include="segment_list.cpp">
      <Filter>Исходные файлы\Objects\Segment</Filter>
    </ClCompile>
    <ClCompile Include="Array.cpp">
      <Filter>Исходные файлы</Filter>
    </ClCompile>
    <ClCompile Include="basicinterface.cpp">
      <Filter>Исходные файлы</Filter>
    </ClCompile>
    <ClCompile Include="List.cpp">
      <Filter>Исходные файлы</Filter>
    </ClCompile>
  </ItemGroup>
  <ItemGroup>
    <ClInclude Include="Tests.h">
      <Filter>Файлы заголовков</Filter>
    </ClInclude>
    <ClInclude Include="objects.h">
      <Filter>Файлы заголовков\Objects</Filter>
    </ClInclude>
    <ClInclude Include="circle_list.h">
      <Filter>Файлы заголовков\Objects\Circle</Filter>
    </ClInclude>
    <ClInclude Include="point_list.h">
      <Filter>Файлы заголовков\Objects\Point</Filter>
    </ClInclude>
    <ClInclude Include="segment_list.h">
      <Filter>Файлы заголовков\Objects\Segment</Filter>
    </ClInclude>
    <ClInclude Include="Array.h">
      <Filter>Файлы заголовков</Filter>
    </ClInclude>
    <ClInclude Include="basicinterface.h">
      <Filter>Файлы заголовков</Filter>
    </ClInclude>
    <ClInclude Include="List.h">
      <Filter>Файлы заголовков</Filter>
    </ClInclude>
  </ItemGroup>
</Project>